github.com/cmcpasserby/scli v0.2.0 h1:Bcu/ierVT+jTbU6BsFA/BicB/GsXXLig4/+cCosbJgU=
github.com/cmcpasserby/scli v0.2.0/go.mod h1:jxUstNDqmFe8lXasSiRoxD2XCekJqCswsuM+RV7N3mY=
github.com/cmcpasserby/scli v0.3.0 h1:Cc5QiIu5qGwDberEC0vHnX9WhRt6roX8YQKdrhrDm4g=
github.com/cmcpasserby/scli v0.3.0/go.mod h1:jxUstNDqmFe8lXasSiRoxD2XCekJqCswsuM+RV7N3mY=
golang.org/x/image v0.19.0 h1:D9FX4QWkLfkeqaC62SonffIIuYdOk/UE2XKUBgRIBIQ=
golang.org/x/image v0.19.0/go.mod h1:y0zrRqlQRWQ5PXaYCOMLTW2fpsxZ8Qh9I/ohnInJEys=
golang.org/x/sync v0.6.0 h1:5BMeUDZ7vkXGfEr1x9B4bRcTH4lpkTkpdh0T/J+qjbQ=
golang.org/x/sync v0.6.0/go.mod h1:Czt+wKu1gCyEFDUtn0jG5QVvpJ6rzVqr5aXyt9drQfk=
golang.org/x/sync v0.8.0 h1:3NFvSEYkUoMifnESzZl15y791HH1qU2xm6eCJU5ZPXQ=
golang.org/x/sync v0.8.0/go.mod h1:Czt+wKu1gCyEFDUtn0jG5QVvpJ6rzVqr5aXyt9drQfk=
